{
  "version": 1,
  "dependencies": {
    "net8.0-windows7.0": {
      "DalamudPackager": {
        "type": "Direct",
        "requested": "[2.1.13, )",
        "resolved": "2.1.13",
        "contentHash": "rMN1omGe8536f4xLMvx9NwfvpAc9YFFfeXJ1t4P4PE6Gu8WCIoFliR1sh07hM+bfODmesk/dvMbji7vNI+B/pQ=="
      },
      "DSharpPlus": {
        "type": "Direct",
        "requested": "[5.0.0-nightly-02339, )",
        "resolved": "5.0.0-nightly-02339",
        "contentHash": "R1EETTL9BUC+je3b8N9105I33iOosGr70oogdNJh+2zJSnMMFXE+l4mGP7/TUHAPpqQ4uZfMUqblxIQdzSnWdg==",
        "dependencies": {
          "CommunityToolkit.HighPerformance": "8.2.2",
          "Microsoft.Extensions.Caching.Memory": "8.0.0",
          "Microsoft.Extensions.Logging": "8.0.0",
          "Microsoft.Extensions.Logging.Abstractions": "8.0.1",
          "Newtonsoft.Json": "13.0.3",
          "Polly.Core": "8.4.1",
          "Ulid": "1.3.3"
        }
      },
      "Google.Cloud.TextToSpeech.V1": {
        "type": "Direct",
        "requested": "[3.6.0, )",
        "resolved": "3.6.0",
        "contentHash": "O6Pt34Bi2UUHGK9JTruVo8AG0WbSMuczrBkslVhWG9iotRxwbJNfQD6Go57d2t9J7m/97ZrDes8Aevm+JaYQ9A==",
        "dependencies": {
          "Google.Api.Gax.Grpc": "[4.8.0, 5.0.0)",
          "Google.LongRunning": "[3.2.0, 4.0.0)"
        }
      },
      "CommunityToolkit.HighPerformance": {
        "type": "Transitive",
        "resolved": "8.2.2",
        "contentHash": "+zIp8d3sbtYaRbM6hqDs4Ui/z34j7DcUmleruZlYLE4CVxXq+MO8XJyIs42vzeTYFX+k0Iq1dEbBUnQ4z/Gnrw=="
      },
      "Google.Api.CommonProtos": {
        "type": "Transitive",
        "resolved": "2.15.0",
        "contentHash": "k+43CTEgMbT4C2JjcIJon3GvMNFJ3kLMjPTedOkXUAt0D5cFfrlee+M4oieueAVhbXktR89yoj5O/kVmC/AKJw==",
        "dependencies": {
          "Google.Protobuf": "[3.25.0, 4.0.0)"
        }
      },
      "Google.Api.Gax": {
        "type": "Transitive",
        "resolved": "4.8.0",
        "contentHash": "xlV8Jq/G5CQAA3PwYAuKGjfzGOP7AvjhREnE6vgZlzxREGYchHudZWa2PWSqFJL+MBtz9YgitLpRogANN3CVvg==",
        "dependencies": {
          "Microsoft.Bcl.AsyncInterfaces": "6.0.0",
          "Newtonsoft.Json": "13.0.3"
        }
      },
      "Google.Api.Gax.Grpc": {
        "type": "Transitive",
        "resolved": "4.8.0",
        "contentHash": "njcDsrFMZTmG2xdar6o5zyj7YVCUv6JNWU7un+q15Fm9DpGt0HSqHVnabVD2LBjUa3JWrqWX2kVv0w7qx4+tFQ==",
        "dependencies": {
          "Google.Api.CommonProtos": "2.15.0",
          "Google.Api.Gax": "4.8.0",
          "Google.Apis.Auth": "[1.67.0, 2.0.0)",
          "Grpc.Auth": "[2.60.0, 3.0.0)",
          "Grpc.Core.Api": "[2.60.0, 3.0.0)",
          "Grpc.Net.Client": "[2.60.0, 3.0.0)",
          "Microsoft.Extensions.DependencyInjection.Abstractions": "6.0.0"
        }
      },
      "Google.Apis": {
        "type": "Transitive",
        "resolved": "1.67.0",
        "contentHash": "XM8/fViJaB1pN61OdXy5RMZoQEqd3hKlWvA/K431gFSb5XtQ48BynfgrbBkUtFcPbSRa4BdjBHzSbkBh/skyMg==",
        "dependencies": {
          "Google.Apis.Core": "1.67.0"
        }
      },
      "Google.Apis.Auth": {
        "type": "Transitive",
        "resolved": "1.67.0",
        "contentHash": "Bs9BlbZ12Y4NXzMONjpzQhZr9VbwLUTGMHkcQRF36aYnk2fYrmj5HNVNh7PPHDDq1fcEQpCtPic2nSlpYQLKXw==",
        "dependencies": {
          "Google.Apis": "1.67.0",
          "Google.Apis.Core": "1.67.0",
          "System.Management": "7.0.2"
        }
      },
      "Google.Apis.Core": {
        "type": "Transitive",
        "resolved": "1.67.0",
        "contentHash": "IPq0I3B01NYZraPoMl8muELFLg4Vr2sbfyZp4PR2Xe3MAhHkZCiKyV28Yh1L14zIKUb0X0snol1sR5/mx4S6Iw==",
        "dependencies": {
          "Newtonsoft.Json": "13.0.3"
        }
      },
      "Google.LongRunning": {
        "type": "Transitive",
        "resolved": "3.2.0",
        "contentHash": "aL3xbATOZCD5i8iNR1pYw/w3jEb8ndRUa6HAKCnNsEtu0FzpdqG4BvezWvJUM4kUIMjSGGBChOmnCLkjioBGrw==",
        "dependencies": {
          "Google.Api.Gax.Grpc": "[4.8.0, 5.0.0)"
        }
      },
      "Google.Protobuf": {
        "type": "Transitive",
        "resolved": "3.25.0",
        "contentHash": "pIEkH1IqZV1iK8J5MYdG1kOyY0EoQLB6yEKvBq12RYNtvGXwCvnQg5zQsFmcqAEPtIZvSqPozIbUZaEd5a2gCg=="
      },
      "Grpc.Auth": {
        "type": "Transitive",
        "resolved": "2.60.0",
        "contentHash": "mJAllsSsFix/wrp1l5QmHXRlzMFmnIGZJYuHG1thkDJPUE9ltHPkdL5x30xGpqKvka02Il2oHd66gt8YfSOIWg==",
        "dependencies": {
          "Google.Apis.Auth": "1.46.0",
          "Grpc.Core.Api": "2.60.0"
        }
      },
      "Grpc.Core.Api": {
        "type": "Transitive",
        "resolved": "2.60.0",
        "contentHash": "VWah+8dGJhhsay5BQ/Ljq6GYDWj0lSjdzqyoBgUQhXTbBqhs+q5dRFROKxI1xxzlL4pfUO45cf/y+KnHVFG9ew=="
      },
      "Grpc.Net.Client": {
        "type": "Transitive",
        "resolved": "2.60.0",
        "contentHash": "J9U96gjZHOcqSgAThg9vZZhLsbTD005bUggPtMP/RVQnGc3+tQJTpkRUCJtJWq9cykNydsRVoyU38TjPP/VJ4A==",
        "dependencies": {
          "Grpc.Net.Common": "2.60.0",
          "Microsoft.Extensions.Logging.Abstractions": "6.0.0"
        }
      },
      "Grpc.Net.Common": {
        "type": "Transitive",
        "resolved": "2.60.0",
        "contentHash": "Y/917aplgD1RA0q1cd9WpnMGyl9Luu3WZl6ZMpPvNQwg2TNw/3uXUDSriDBybeCtxnKUCtxUcWO3WsVkhM1DcA==",
        "dependencies": {
          "Grpc.Core.Api": "2.60.0"
        }
      },
      "Microsoft.Bcl.AsyncInterfaces": {
        "type": "Transitive",
        "resolved": "6.0.0",
        "contentHash": "UcSjPsst+DfAdJGVDsu346FX0ci0ah+lw3WRtn18NUwEqRt70HaOQ7lI72vy3+1LxtqI3T5GWwV39rQSrCzAeg=="
      },
      "Microsoft.Extensions.Caching.Abstractions": {
        "type": "Transitive",
        "resolved": "8.0.0",
        "contentHash": "3KuSxeHoNYdxVYfg2IRZCThcrlJ1XJqIXkAWikCsbm5C/bCjv7G0WoKDyuR98Q+T607QT2Zl5GsbGRkENcV2yQ==",
        "dependencies": {
          "Microsoft.Extensions.Primitives": "8.0.0"
        }
      },
      "Microsoft.Extensions.Caching.Memory": {
        "type": "Transitive",
        "resolved": "8.0.0",
        "contentHash": "7pqivmrZDzo1ADPkRwjy+8jtRKWRCPag9qPI+p7sgu7Q4QreWhcvbiWXsbhP+yY8XSiDvZpu2/LWdBv7PnmOpQ==",
        "dependencies": {
          "Microsoft.Extensions.Caching.Abstractions": "8.0.0",
          "Microsoft.Extensions.DependencyInjection.Abstractions": "8.0.0",
          "Microsoft.Extensions.Logging.Abstractions": "8.0.0",
          "Microsoft.Extensions.Options": "8.0.0",
          "Microsoft.Extensions.Primitives": "8.0.0"
        }
      },
      "Microsoft.Extensions.DependencyInjection": {
        "type": "Transitive",
        "resolved": "8.0.0",
        "contentHash": "V8S3bsm50ig6JSyrbcJJ8bW2b9QLGouz+G1miK3UTaOWmMtFwNNNzUf4AleyDWUmTrWMLNnFSLEQtxmxgNQnNQ==",
        "dependencies": {
          "Microsoft.Extensions.DependencyInjection.Abstractions": "8.0.0"
        }
      },
      "Microsoft.Extensions.DependencyInjection.Abstractions": {
        "type": "Transitive",
        "resolved": "8.0.1",
        "contentHash": "fGLiCRLMYd00JYpClraLjJTNKLmMJPnqxMaiRzEBIIvevlzxz33mXy39Lkd48hu1G+N21S7QpaO5ZzKsI6FRuA=="
      },
      "Microsoft.Extensions.Logging": {
        "type": "Transitive",
        "resolved": "8.0.0",
        "contentHash": "tvRkov9tAJ3xP51LCv3FJ2zINmv1P8Hi8lhhtcKGqM+ImiTCC84uOPEI4z8Cdq2C3o9e+Aa0Gw0rmrsJD77W+w==",
        "dependencies": {
          "Microsoft.Extensions.DependencyInjection": "8.0.0",
          "Microsoft.Extensions.Logging.Abstractions": "8.0.0",
          "Microsoft.Extensions.Options": "8.0.0"
        }
      },
      "Microsoft.Extensions.Logging.Abstractions": {
        "type": "Transitive",
        "resolved": "8.0.1",
        "contentHash": "RIFgaqoaINxkM2KTOw72dmilDmTrYA0ns2KW4lDz4gZ2+o6IQ894CzmdL3StM2oh7QQq44nCWiqKqc4qUI9Jmg==",
        "dependencies": {
          "Microsoft.Extensions.DependencyInjection.Abstractions": "8.0.1"
        }
      },
      "Microsoft.Extensions.Options": {
        "type": "Transitive",
        "resolved": "8.0.0",
        "contentHash": "JOVOfqpnqlVLUzINQ2fox8evY2SKLYJ3BV8QDe/Jyp21u1T7r45x/R/5QdteURMR5r01GxeJSBBUOCOyaNXA3g==",
        "dependencies": {
          "Microsoft.Extensions.DependencyInjection.Abstractions": "8.0.0",
          "Microsoft.Extensions.Primitives": "8.0.0"
        }
      },
      "Microsoft.Extensions.Primitives": {
        "type": "Transitive",
        "resolved": "8.0.0",
        "contentHash": "bXJEZrW9ny8vjMF1JV253WeLhpEVzFo1lyaZu1vQ4ZxWUlVvknZ/+ftFgVheLubb4eZPSwwxBeqS1JkCOjxd8g=="
      },
      "Newtonsoft.Json": {
        "type": "Transitive",
        "resolved": "13.0.3",
        "contentHash": "HrC5BXdl00IP9zeV+0Z848QWPAoCr9P3bDEZguI+gkLcBKAOxix/tLEAAHC+UvDNPv4a2d18lOReHMOagPa+zQ=="
      },
      "Polly.Core": {
        "type": "Transitive",
        "resolved": "8.4.1",
        "contentHash": "bg4kE7mFwXc6FJ8NLknTgVgLAMlbToWC7vpdqAITv8lPzKpp9v7aWJPc04GRoZQaJhVY/tdr8K2/VW2aTmaA1Q=="
      },
      "System.CodeDom": {
        "type": "Transitive",
        "resolved": "7.0.0",
        "contentHash": "GLltyqEsE5/3IE+zYRP5sNa1l44qKl9v+bfdMcwg+M9qnQf47wK3H0SUR/T+3N4JEQXF3vV4CSuuo0rsg+nq2A=="
      },
      "System.Management": {
        "type": "Transitive",
        "resolved": "7.0.2",
        "contentHash": "/qEUN91mP/MUQmJnM5y5BdT7ZoPuVrtxnFlbJ8a3kBJGhe2wCzBfnPFtK2wTtEEcf3DMGR9J00GZZfg6HRI6yA==",
        "dependencies": {
          "System.CodeDom": "7.0.0"
        }
      },
      "Ulid": {
        "type": "Transitive",
        "resolved": "1.3.3",
        "contentHash": "58eRa3gxKiTNXbGYUCy2T3biFAQehB+yBFKXoBGLjZbhBxbU1VUV5QnMgPNAU7gb2HZy3M6703pcUrC4p4IViA=="
      }
    }
  }
}